
Microsoft Visual Studio Solution File, Format Version 12.00
# Visual Studio Version 17
VisualStudioVersion = 17.2.32317.152
MinimumVisualStudioVersion = 10.0.40219.1
Project("{FAE04EC0-301F-11D3-BF4B-00C04F79EFBC}") = "NeuralVision", "NeuralVision.csproj", "{7B9A8943-DCA2-438D-9F6F-7FF0E56E5054}"
EndProject
Global
	GlobalSection(SolutionConfigurationPlatforms) = preSolution
		Debug|Any CPU = Debug|Any CPU
		Release|Any CPU = Release|Any CPU
	EndGlobalSection
	GlobalSection(ProjectConfigurationPlatforms) = postSolution
		{7B9A8943-DCA2-438D-9F6F-7FF0E56E5054}.Debug|Any CPU.ActiveCfg = Debug|Any CPU
		{7B9A8943-DCA2-438D-9F6F-7FF0E56E5054}.Debug|Any CPU.Build.0 = Debug|Any CPU
		{7B9A8943-DCA2-438D-9F6F-7FF0E56E5054}.Release|Any CPU.ActiveCfg = Release|Any CPU
		{7B9A8943-DCA2-438D-9F6F-7FF0E56E5054}.Release|Any CPU.Build.0 = Release|Any CPU
	EndGlobalSection
	GlobalSection(SolutionProperties) = preSolution
		HideSolutionNode = FALSE
	EndGlobalSection
	GlobalSection(ExtensibilityGlobals) = postSolution
		SolutionGuid = {2667F7E6-60A5-453E-A248-6D38BC8522E2}
	EndGlobalSection
EndGlobal
